
Microsoft Visual Studio Solution File, Format Version 12.00
# Visual Studio Version 16
VisualStudioVersion = 16.0.29519.87
MinimumVisualStudioVersion = 10.0.40219.1
Project("{FAE04EC0-301F-11D3-BF4B-00C04F79EFBC}") = "SURFnet.Authentication.Adfs.Plugin", "src\SURFnet.Authentication.Adfs.Plugin\SURFnet.Authentication.Adfs.Plugin.csproj", "{7F165692-9E1E-4231-B3BF-3E3AED44B11A}"
EndProject
Project("{2150E333-8FDC-42A3-9474-1A3956D46DE8}") = "SolutionItems", "SolutionItems", "{9D4482C6-E4FA-48DD-A9C3-473B7FF90551}"
	ProjectSection(SolutionItems) = preProject
		SolutionItems\SignKentorAuthLibrary.cmd = SolutionItems\SignKentorAuthLibrary.cmd
	EndProjectSection
EndProject
Project("{FAE04EC0-301F-11D3-BF4B-00C04F79EFBC}") = "SURFnet.Authentication.Adfs.Plugin.Setup", "src\SURFnet.Authentication.Adfs.Plugin.Setup\SURFnet.Authentication.Adfs.Plugin.Setup.csproj", "{DA6EA13F-630F-455F-BBE4-DEA6097FFC48}"
EndProject
Global
	GlobalSection(SolutionConfigurationPlatforms) = preSolution
		Debug|Any CPU = Debug|Any CPU
		Deploy|Any CPU = Deploy|Any CPU
		Release|Any CPU = Release|Any CPU
	EndGlobalSection
	GlobalSection(ProjectConfigurationPlatforms) = postSolution
		{7F165692-9E1E-4231-B3BF-3E3AED44B11A}.Debug|Any CPU.ActiveCfg = Debug|Any CPU
		{7F165692-9E1E-4231-B3BF-3E3AED44B11A}.Debug|Any CPU.Build.0 = Debug|Any CPU
		{7F165692-9E1E-4231-B3BF-3E3AED44B11A}.Deploy|Any CPU.ActiveCfg = Debug|Any CPU
		{7F165692-9E1E-4231-B3BF-3E3AED44B11A}.Deploy|Any CPU.Build.0 = Debug|Any CPU
		{7F165692-9E1E-4231-B3BF-3E3AED44B11A}.Release|Any CPU.ActiveCfg = Release|Any CPU
		{7F165692-9E1E-4231-B3BF-3E3AED44B11A}.Release|Any CPU.Build.0 = Release|Any CPU
		{DA6EA13F-630F-455F-BBE4-DEA6097FFC48}.Debug|Any CPU.ActiveCfg = Debug|Any CPU
		{DA6EA13F-630F-455F-BBE4-DEA6097FFC48}.Debug|Any CPU.Build.0 = Debug|Any CPU
		{DA6EA13F-630F-455F-BBE4-DEA6097FFC48}.Deploy|Any CPU.ActiveCfg = Debug|Any CPU
		{DA6EA13F-630F-455F-BBE4-DEA6097FFC48}.Deploy|Any CPU.Build.0 = Debug|Any CPU
		{DA6EA13F-630F-455F-BBE4-DEA6097FFC48}.Release|Any CPU.ActiveCfg = Release|Any CPU
		{DA6EA13F-630F-455F-BBE4-DEA6097FFC48}.Release|Any CPU.Build.0 = Release|Any CPU
	EndGlobalSection
	GlobalSection(SolutionProperties) = preSolution
		HideSolutionNode = FALSE
	EndGlobalSection
	GlobalSection(ExtensibilityGlobals) = postSolution
		SolutionGuid = {5F45013D-A94D-4F59-972C-29624081AD6F}
	EndGlobalSection
EndGlobal
